
Microsoft Visual Studio Solution File, Format Version 12.00
# Visual Studio 2012
Project("{FAE04EC0-301F-11D3-BF4B-00C04F79EFBC}") = "CardGameEngine", "CardGameEngine\CardGameEngine.csproj", "{ED883F39-E37F-4E26-B0FA-450F021AE041}"
EndProject
Project("{FAE04EC0-301F-11D3-BF4B-00C04F79EFBC}") = "TestCardGameEngine", "TestCardGameEngine\TestCardGameEngine.csproj", "{8B2A831C-86B5-4528-90DB-3D3372506038}"
EndProject
Project("{FAE04EC0-301F-11D3-BF4B-00C04F79EFBC}") = "Sandbox", "Sandbox\Sandbox.csproj", "{9B53BD5A-E21D-4D68-A55D-CBFC2837127D}"
EndProject
Global
	GlobalSection(SolutionConfigurationPlatforms) = preSolution
		Debug|Any CPU = Debug|Any CPU
		Release|Any CPU = Release|Any CPU
	EndGlobalSection
	GlobalSection(ProjectConfigurationPlatforms) = postSolution
		{ED883F39-E37F-4E26-B0FA-450F021AE041}.Debug|Any CPU.ActiveCfg = Debug|Any CPU
		{ED883F39-E37F-4E26-B0FA-450F021AE041}.Debug|Any CPU.Build.0 = Debug|Any CPU
		{ED883F39-E37F-4E26-B0FA-450F021AE041}.Release|Any CPU.ActiveCfg = Release|Any CPU
		{ED883F39-E37F-4E26-B0FA-450F021AE041}.Release|Any CPU.Build.0 = Release|Any CPU
		{8B2A831C-86B5-4528-90DB-3D3372506038}.Debug|Any CPU.ActiveCfg = Debug|Any CPU
		{8B2A831C-86B5-4528-90DB-3D3372506038}.Debug|Any CPU.Build.0 = Debug|Any CPU
		{8B2A831C-86B5-4528-90DB-3D3372506038}.Release|Any CPU.ActiveCfg = Release|Any CPU
		{8B2A831C-86B5-4528-90DB-3D3372506038}.Release|Any CPU.Build.0 = Release|Any CPU
		{9B53BD5A-E21D-4D68-A55D-CBFC2837127D}.Debug|Any CPU.ActiveCfg = Debug|Any CPU
		{9B53BD5A-E21D-4D68-A55D-CBFC2837127D}.Debug|Any CPU.Build.0 = Debug|Any CPU
		{9B53BD5A-E21D-4D68-A55D-CBFC2837127D}.Release|Any CPU.ActiveCfg = Release|Any CPU
		{9B53BD5A-E21D-4D68-A55D-CBFC2837127D}.Release|Any CPU.Build.0 = Release|Any CPU
	EndGlobalSection
	GlobalSection(SolutionProperties) = preSolution
		HideSolutionNode = FALSE
	EndGlobalSection
EndGlobal
